
Microsoft Visual Studio Solution File, Format Version 12.00
# Visual Studio Version 17
VisualStudioVersion = 17.7.34031.279
MinimumVisualStudioVersion = 10.0.40219.1
Project("{FAE04EC0-301F-11D3-BF4B-00C04F79EFBC}") = "Week2", "Week2\Week2.csproj", "{7F22A9DA-B7BC-4491-AEB3-F93E5722156A}"
EndProject
Project("{FAE04EC0-301F-11D3-BF4B-00C04F79EFBC}") = "UserGenderValidation", "UserAgeValidation\UserGenderValidation.csproj", "{0A724AD2-1483-4BB9-AF19-7DEE0B5BED35}"
EndProject
Project("{FAE04EC0-301F-11D3-BF4B-00C04F79EFBC}") = "UserAgeValidation", "UserAgeValidation\UserAgeValidation.csproj", "{91DE1F18-B8DA-410C-995B-3848F4BE6060}"
EndProject
Global
	GlobalSection(SolutionConfigurationPlatforms) = preSolution
		Debug|Any CPU = Debug|Any CPU
		Release|Any CPU = Release|Any CPU
	EndGlobalSection
	GlobalSection(ProjectConfigurationPlatforms) = postSolution
		{7F22A9DA-B7BC-4491-AEB3-F93E5722156A}.Debug|Any CPU.ActiveCfg = Debug|Any CPU
		{7F22A9DA-B7BC-4491-AEB3-F93E5722156A}.Debug|Any CPU.Build.0 = Debug|Any CPU
		{7F22A9DA-B7BC-4491-AEB3-F93E5722156A}.Release|Any CPU.ActiveCfg = Release|Any CPU
		{7F22A9DA-B7BC-4491-AEB3-F93E5722156A}.Release|Any CPU.Build.0 = Release|Any CPU
		{0A724AD2-1483-4BB9-AF19-7DEE0B5BED35}.Debug|Any CPU.ActiveCfg = Debug|Any CPU
		{0A724AD2-1483-4BB9-AF19-7DEE0B5BED35}.Debug|Any CPU.Build.0 = Debug|Any CPU
		{0A724AD2-1483-4BB9-AF19-7DEE0B5BED35}.Release|Any CPU.ActiveCfg = Release|Any CPU
		{0A724AD2-1483-4BB9-AF19-7DEE0B5BED35}.Release|Any CPU.Build.0 = Release|Any CPU
		{91DE1F18-B8DA-410C-995B-3848F4BE6060}.Debug|Any CPU.ActiveCfg = Debug|Any CPU
		{91DE1F18-B8DA-410C-995B-3848F4BE6060}.Debug|Any CPU.Build.0 = Debug|Any CPU
		{91DE1F18-B8DA-410C-995B-3848F4BE6060}.Release|Any CPU.ActiveCfg = Release|Any CPU
		{91DE1F18-B8DA-410C-995B-3848F4BE6060}.Release|Any CPU.Build.0 = Release|Any CPU
	EndGlobalSection
	GlobalSection(SolutionProperties) = preSolution
		HideSolutionNode = FALSE
	EndGlobalSection
	GlobalSection(ExtensibilityGlobals) = postSolution
		SolutionGuid = {BB7BFB56-FDCB-4D7F-8ADE-E329C34D23CA}
	EndGlobalSection
EndGlobal
